
Microsoft Visual Studio Solution File, Format Version 12.00
# Visual Studio Version 17
VisualStudioVersion = 17.4.33122.133
MinimumVisualStudioVersion = 10.0.40219.1
Project("{FAE04EC0-301F-11D3-BF4B-00C04F79EFBC}") = "basico", "basico.csproj", "{D9837230-AE05-489E-B4E7-F90308012DC0}"
EndProject
Global
	GlobalSection(SolutionConfigurationPlatforms) = preSolution
		Debug|Any CPU = Debug|Any CPU
		Release|Any CPU = Release|Any CPU
	EndGlobalSection
	GlobalSection(ProjectConfigurationPlatforms) = postSolution
		{D9837230-AE05-489E-B4E7-F90308012DC0}.Debug|Any CPU.ActiveCfg = Debug|Any CPU
		{D9837230-AE05-489E-B4E7-F90308012DC0}.Debug|Any CPU.Build.0 = Debug|Any CPU
		{D9837230-AE05-489E-B4E7-F90308012DC0}.Release|Any CPU.ActiveCfg = Release|Any CPU
		{D9837230-AE05-489E-B4E7-F90308012DC0}.Release|Any CPU.Build.0 = Release|Any CPU
	EndGlobalSection
	GlobalSection(SolutionProperties) = preSolution
		HideSolutionNode = FALSE
	EndGlobalSection
	GlobalSection(ExtensibilityGlobals) = postSolution
		SolutionGuid = {D97BAE2A-8CB7-4D12-B87D-1181D3F211C1}
	EndGlobalSection
EndGlobal
